
Microsoft Visual Studio Solution File, Format Version 12.00
# Visual Studio Version 16
VisualStudioVersion = 16.0.28922.388
MinimumVisualStudioVersion = 10.0.40219.1
Project("{FAE04EC0-301F-11D3-BF4B-00C04F79EFBC}") = "DAL", "DAL\DAL.csproj", "{FF6390C1-0065-45E4-81E5-8A4462BEDF52}"
EndProject
Project("{FAE04EC0-301F-11D3-BF4B-00C04F79EFBC}") = "BLL", "BLL\BLL.csproj", "{5962DCA7-3708-4C4A-83F7-B5A8920B8191}"
EndProject
Project("{FAE04EC0-301F-11D3-BF4B-00C04F79EFBC}") = "H-Mandiola-Backend", "H-Mandiola-Backend\H-Mandiola-Backend.csproj", "{B15D5D5F-B68C-4B91-9D65-A200D0C1D2D2}"
EndProject
Global
	GlobalSection(SolutionConfigurationPlatforms) = preSolution
		Debug|Any CPU = Debug|Any CPU
		Release|Any CPU = Release|Any CPU
	EndGlobalSection
	GlobalSection(ProjectConfigurationPlatforms) = postSolution
		{FF6390C1-0065-45E4-81E5-8A4462BEDF52}.Debug|Any CPU.ActiveCfg = Debug|Any CPU
		{FF6390C1-0065-45E4-81E5-8A4462BEDF52}.Debug|Any CPU.Build.0 = Debug|Any CPU
		{FF6390C1-0065-45E4-81E5-8A4462BEDF52}.Release|Any CPU.ActiveCfg = Release|Any CPU
		{FF6390C1-0065-45E4-81E5-8A4462BEDF52}.Release|Any CPU.Build.0 = Release|Any CPU
		{5962DCA7-3708-4C4A-83F7-B5A8920B8191}.Debug|Any CPU.ActiveCfg = Debug|Any CPU
		{5962DCA7-3708-4C4A-83F7-B5A8920B8191}.Debug|Any CPU.Build.0 = Debug|Any CPU
		{5962DCA7-3708-4C4A-83F7-B5A8920B8191}.Release|Any CPU.ActiveCfg = Release|Any CPU
		{5962DCA7-3708-4C4A-83F7-B5A8920B8191}.Release|Any CPU.Build.0 = Release|Any CPU
		{B15D5D5F-B68C-4B91-9D65-A200D0C1D2D2}.Debug|Any CPU.ActiveCfg = Debug|Any CPU
		{B15D5D5F-B68C-4B91-9D65-A200D0C1D2D2}.Debug|Any CPU.Build.0 = Debug|Any CPU
		{B15D5D5F-B68C-4B91-9D65-A200D0C1D2D2}.Release|Any CPU.ActiveCfg = Release|Any CPU
		{B15D5D5F-B68C-4B91-9D65-A200D0C1D2D2}.Release|Any CPU.Build.0 = Release|Any CPU
	EndGlobalSection
	GlobalSection(SolutionProperties) = preSolution
		HideSolutionNode = FALSE
	EndGlobalSection
	GlobalSection(ExtensibilityGlobals) = postSolution
		SolutionGuid = {48CA4BE4-39A9-4332-8A6D-A7A7A588C79E}
	EndGlobalSection
EndGlobal
